
Microsoft Visual Studio Solution File, Format Version 12.00
# Visual Studio Version 16
VisualStudioVersion = 16.0.31321.278
MinimumVisualStudioVersion = 10.0.40219.1
Project("{9A19103F-16F7-4668-BE54-9A1E7A4F7556}") = "Day01", "Day01\Day01.csproj", "{164861FF-FF10-4935-9EEC-255F67B4CB19}"
EndProject
Project("{FAE04EC0-301F-11D3-BF4B-00C04F79EFBC}") = "Day02", "Day02\Day02.csproj", "{592D9D3A-D6F0-4B83-96E1-A24F18238EEE}"
EndProject
Project("{FAE04EC0-301F-11D3-BF4B-00C04F79EFBC}") = "Day03", "Day03\Day03.csproj", "{06541CCC-1EE0-47CA-B327-1C3441BDA3B6}"
EndProject
Project("{FAE04EC0-301F-11D3-BF4B-00C04F79EFBC}") = "Day04", "Day04\Day04.csproj", "{52882889-E7E7-49E4-8044-5476CE712B33}"
EndProject
Project("{FAE04EC0-301F-11D3-BF4B-00C04F79EFBC}") = "Day05", "Day05\Day05.csproj", "{692FDEB8-B3CE-478E-AE73-7A63F0C289FE}"
EndProject
Project("{FAE04EC0-301F-11D3-BF4B-00C04F79EFBC}") = "Day06", "Day06\Day06.csproj", "{E7ED264A-EC3A-4BB5-8C1F-3E862FBEF014}"
EndProject
Global
	GlobalSection(SolutionConfigurationPlatforms) = preSolution
		Debug|Any CPU = Debug|Any CPU
		Release|Any CPU = Release|Any CPU
	EndGlobalSection
	GlobalSection(ProjectConfigurationPlatforms) = postSolution
		{164861FF-FF10-4935-9EEC-255F67B4CB19}.Debug|Any CPU.ActiveCfg = Debug|Any CPU
		{164861FF-FF10-4935-9EEC-255F67B4CB19}.Debug|Any CPU.Build.0 = Debug|Any CPU
		{164861FF-FF10-4935-9EEC-255F67B4CB19}.Release|Any CPU.ActiveCfg = Release|Any CPU
		{164861FF-FF10-4935-9EEC-255F67B4CB19}.Release|Any CPU.Build.0 = Release|Any CPU
		{D41A44FB-8C2C-4E59-A892-DCB646C2AAC2}.Debug|Any CPU.ActiveCfg = Debug|Any CPU
		{D41A44FB-8C2C-4E59-A892-DCB646C2AAC2}.Debug|Any CPU.Build.0 = Debug|Any CPU
		{D41A44FB-8C2C-4E59-A892-DCB646C2AAC2}.Release|Any CPU.ActiveCfg = Release|Any CPU
		{D41A44FB-8C2C-4E59-A892-DCB646C2AAC2}.Release|Any CPU.Build.0 = Release|Any CPU
		{F572DA7F-3672-4EE5-AF4C-5EC9479AD10B}.Debug|Any CPU.ActiveCfg = Debug|Any CPU
		{F572DA7F-3672-4EE5-AF4C-5EC9479AD10B}.Debug|Any CPU.Build.0 = Debug|Any CPU
		{F572DA7F-3672-4EE5-AF4C-5EC9479AD10B}.Release|Any CPU.ActiveCfg = Release|Any CPU
		{F572DA7F-3672-4EE5-AF4C-5EC9479AD10B}.Release|Any CPU.Build.0 = Release|Any CPU
		{2E6F7041-9409-4438-89AF-FB4B06ED7FBB}.Debug|Any CPU.ActiveCfg = Debug|Any CPU
		{2E6F7041-9409-4438-89AF-FB4B06ED7FBB}.Debug|Any CPU.Build.0 = Debug|Any CPU
		{2E6F7041-9409-4438-89AF-FB4B06ED7FBB}.Release|Any CPU.ActiveCfg = Release|Any CPU
		{2E6F7041-9409-4438-89AF-FB4B06ED7FBB}.Release|Any CPU.Build.0 = Release|Any CPU
		{714D7457-431B-49BB-AB55-5F10BCAD6DCA}.Debug|Any CPU.ActiveCfg = Debug|Any CPU
		{714D7457-431B-49BB-AB55-5F10BCAD6DCA}.Debug|Any CPU.Build.0 = Debug|Any CPU
		{714D7457-431B-49BB-AB55-5F10BCAD6DCA}.Release|Any CPU.ActiveCfg = Release|Any CPU
		{714D7457-431B-49BB-AB55-5F10BCAD6DCA}.Release|Any CPU.Build.0 = Release|Any CPU
		{8A9E80CD-5311-4257-B0A2-7AD31307276F}.Debug|Any CPU.ActiveCfg = Debug|Any CPU
		{8A9E80CD-5311-4257-B0A2-7AD31307276F}.Debug|Any CPU.Build.0 = Debug|Any CPU
		{8A9E80CD-5311-4257-B0A2-7AD31307276F}.Release|Any CPU.ActiveCfg = Release|Any CPU
		{8A9E80CD-5311-4257-B0A2-7AD31307276F}.Release|Any CPU.Build.0 = Release|Any CPU
		{71794DB4-D883-4BB4-91B6-1BA55E306ABD}.Debug|Any CPU.ActiveCfg = Debug|Any CPU
		{71794DB4-D883-4BB4-91B6-1BA55E306ABD}.Debug|Any CPU.Build.0 = Debug|Any CPU
		{71794DB4-D883-4BB4-91B6-1BA55E306ABD}.Release|Any CPU.ActiveCfg = Release|Any CPU
		{71794DB4-D883-4BB4-91B6-1BA55E306ABD}.Release|Any CPU.Build.0 = Release|Any CPU
		{524F35B7-D251-4869-A6EB-3146F6ABC66E}.Debug|Any CPU.ActiveCfg = Debug|Any CPU
		{524F35B7-D251-4869-A6EB-3146F6ABC66E}.Debug|Any CPU.Build.0 = Debug|Any CPU
		{524F35B7-D251-4869-A6EB-3146F6ABC66E}.Release|Any CPU.ActiveCfg = Release|Any CPU
		{524F35B7-D251-4869-A6EB-3146F6ABC66E}.Release|Any CPU.Build.0 = Release|Any CPU
		{4839AEB6-F282-4F85-9FB1-CB1C71200604}.Debug|Any CPU.ActiveCfg = Debug|Any CPU
		{4839AEB6-F282-4F85-9FB1-CB1C71200604}.Debug|Any CPU.Build.0 = Debug|Any CPU
		{4839AEB6-F282-4F85-9FB1-CB1C71200604}.Release|Any CPU.ActiveCfg = Release|Any CPU
		{4839AEB6-F282-4F85-9FB1-CB1C71200604}.Release|Any CPU.Build.0 = Release|Any CPU
		{4E9F1D85-A4CA-4472-ACB7-8F85C2883C46}.Debug|Any CPU.ActiveCfg = Debug|Any CPU
		{4E9F1D85-A4CA-4472-ACB7-8F85C2883C46}.Debug|Any CPU.Build.0 = Debug|Any CPU
		{4E9F1D85-A4CA-4472-ACB7-8F85C2883C46}.Release|Any CPU.ActiveCfg = Release|Any CPU
		{4E9F1D85-A4CA-4472-ACB7-8F85C2883C46}.Release|Any CPU.Build.0 = Release|Any CPU
		{E4DD125D-32B0-4F50-983F-8219EFA57E6F}.Debug|Any CPU.ActiveCfg = Debug|Any CPU
		{E4DD125D-32B0-4F50-983F-8219EFA57E6F}.Debug|Any CPU.Build.0 = Debug|Any CPU
		{E4DD125D-32B0-4F50-983F-8219EFA57E6F}.Release|Any CPU.ActiveCfg = Release|Any CPU
		{E4DD125D-32B0-4F50-983F-8219EFA57E6F}.Release|Any CPU.Build.0 = Release|Any CPU
		{592D9D3A-D6F0-4B83-96E1-A24F18238EEE}.Debug|Any CPU.ActiveCfg = Debug|Any CPU
		{592D9D3A-D6F0-4B83-96E1-A24F18238EEE}.Debug|Any CPU.Build.0 = Debug|Any CPU
		{592D9D3A-D6F0-4B83-96E1-A24F18238EEE}.Release|Any CPU.ActiveCfg = Release|Any CPU
		{592D9D3A-D6F0-4B83-96E1-A24F18238EEE}.Release|Any CPU.Build.0 = Release|Any CPU
		{06541CCC-1EE0-47CA-B327-1C3441BDA3B6}.Debug|Any CPU.ActiveCfg = Debug|Any CPU
		{06541CCC-1EE0-47CA-B327-1C3441BDA3B6}.Debug|Any CPU.Build.0 = Debug|Any CPU
		{06541CCC-1EE0-47CA-B327-1C3441BDA3B6}.Release|Any CPU.ActiveCfg = Release|Any CPU
		{06541CCC-1EE0-47CA-B327-1C3441BDA3B6}.Release|Any CPU.Build.0 = Release|Any CPU
		{52882889-E7E7-49E4-8044-5476CE712B33}.Debug|Any CPU.ActiveCfg = Debug|Any CPU
		{52882889-E7E7-49E4-8044-5476CE712B33}.Debug|Any CPU.Build.0 = Debug|Any CPU
		{52882889-E7E7-49E4-8044-5476CE712B33}.Release|Any CPU.ActiveCfg = Release|Any CPU
		{52882889-E7E7-49E4-8044-5476CE712B33}.Release|Any CPU.Build.0 = Release|Any CPU
		{692FDEB8-B3CE-478E-AE73-7A63F0C289FE}.Debug|Any CPU.ActiveCfg = Debug|Any CPU
		{692FDEB8-B3CE-478E-AE73-7A63F0C289FE}.Debug|Any CPU.Build.0 = Debug|Any CPU
		{692FDEB8-B3CE-478E-AE73-7A63F0C289FE}.Release|Any CPU.ActiveCfg = Release|Any CPU
		{692FDEB8-B3CE-478E-AE73-7A63F0C289FE}.Release|Any CPU.Build.0 = Release|Any CPU
		{E7ED264A-EC3A-4BB5-8C1F-3E862FBEF014}.Debug|Any CPU.ActiveCfg = Debug|Any CPU
		{E7ED264A-EC3A-4BB5-8C1F-3E862FBEF014}.Debug|Any CPU.Build.0 = Debug|Any CPU
		{E7ED264A-EC3A-4BB5-8C1F-3E862FBEF014}.Release|Any CPU.ActiveCfg = Release|Any CPU
		{E7ED264A-EC3A-4BB5-8C1F-3E862FBEF014}.Release|Any CPU.Build.0 = Release|Any CPU
	EndGlobalSection
	GlobalSection(SolutionProperties) = preSolution
		HideSolutionNode = FALSE
	EndGlobalSection
	GlobalSection(ExtensibilityGlobals) = postSolution
		SolutionGuid = {41FF2DCF-192F-4DA5-A00C-DC9E0C2284CA}
	EndGlobalSection
EndGlobal
